
Microsoft Visual Studio Solution File, Format Version 12.00
# Visual Studio Version 17
VisualStudioVersion = 17.4.33205.214
MinimumVisualStudioVersion = 10.0.40219.1
Project("{FAE04EC0-301F-11D3-BF4B-00C04F79EFBC}") = "CircleAppV2", "CircleAppV2\CircleAppV2.csproj", "{45C911E9-D34A-43C5-8AAE-9BA1614CDDD6}"
EndProject
Global
	GlobalSection(SolutionConfigurationPlatforms) = preSolution
		Debug|Any CPU = Debug|Any CPU
		Release|Any CPU = Release|Any CPU
	EndGlobalSection
	GlobalSection(ProjectConfigurationPlatforms) = postSolution
		{45C911E9-D34A-43C5-8AAE-9BA1614CDDD6}.Debug|Any CPU.ActiveCfg = Debug|Any CPU
		{45C911E9-D34A-43C5-8AAE-9BA1614CDDD6}.Debug|Any CPU.Build.0 = Debug|Any CPU
		{45C911E9-D34A-43C5-8AAE-9BA1614CDDD6}.Release|Any CPU.ActiveCfg = Release|Any CPU
		{45C911E9-D34A-43C5-8AAE-9BA1614CDDD6}.Release|Any CPU.Build.0 = Release|Any CPU
	EndGlobalSection
	GlobalSection(SolutionProperties) = preSolution
		HideSolutionNode = FALSE
	EndGlobalSection
	GlobalSection(ExtensibilityGlobals) = postSolution
		SolutionGuid = {3CFC5378-49AA-42DE-89F9-4C6D43B52F1F}
	EndGlobalSection
EndGlobal
